
Microsoft Visual Studio Solution File, Format Version 12.00
# Visual Studio Version 17
VisualStudioVersion = 17.11.35312.102
MinimumVisualStudioVersion = 10.0.40219.1
Project("{FAE04EC0-301F-11D3-BF4B-00C04F79EFBC}") = "JcvillaltavS68A", "JcvillaltavS68A\JcvillaltavS68A.csproj", "{3A339128-0955-4CC2-9FEF-927CF2B6C589}"
EndProject
Global
	GlobalSection(SolutionConfigurationPlatforms) = preSolution
		Debug|Any CPU = Debug|Any CPU
		Release|Any CPU = Release|Any CPU
	EndGlobalSection
	GlobalSection(ProjectConfigurationPlatforms) = postSolution
		{3A339128-0955-4CC2-9FEF-927CF2B6C589}.Debug|Any CPU.ActiveCfg = Debug|Any CPU
		{3A339128-0955-4CC2-9FEF-927CF2B6C589}.Debug|Any CPU.Build.0 = Debug|Any CPU
		{3A339128-0955-4CC2-9FEF-927CF2B6C589}.Debug|Any CPU.Deploy.0 = Debug|Any CPU
		{3A339128-0955-4CC2-9FEF-927CF2B6C589}.Release|Any CPU.ActiveCfg = Release|Any CPU
		{3A339128-0955-4CC2-9FEF-927CF2B6C589}.Release|Any CPU.Build.0 = Release|Any CPU
		{3A339128-0955-4CC2-9FEF-927CF2B6C589}.Release|Any CPU.Deploy.0 = Release|Any CPU
	EndGlobalSection
	GlobalSection(SolutionProperties) = preSolution
		HideSolutionNode = FALSE
	EndGlobalSection
	GlobalSection(ExtensibilityGlobals) = postSolution
		SolutionGuid = {2BFB4D6C-03E9-4089-82E4-E144CA6EAD1C}
	EndGlobalSection
EndGlobal
